{
  "nodes": {
    "nixpkgs": {
      "locked": {
        "lastModified": 1791040015,
        "narHash": "sha256-zZ2+Wc5EWnxkMKl84uy8DdIP/gt5AT7WQ4DByoZ3/Ws=",
        "rev": "6162fb15f4d03133802a373fc819bec0b4b40421",
        "type": "tarball",
        "url": "https://releases.nixos.org/nixos/unstable-small/nixos-26.11pre1084788.6162fb15f4d0/nixexprs.tar.xz?lastModified=1791040015&rev=6162fb15f4d03133802a373fc819bec0b4b40421"
      },
      "original": {
        "type": "tarball",
        "url": "https://channels.nixos.org/nixos-unstable-small/nixexprs.tar.xz"
      }
    },
    "root": {
      "inputs": {
        "nixpkgs": "nixpkgs"
      }
    }
  },
  "root": "root",
  "version": 7
}
